
Microsoft Visual Studio Solution File, Format Version 12.00
# Visual Studio Version 16
VisualStudioVersion = 16.0.29709.97
MinimumVisualStudioVersion = 10.0.40219.1
Project("{FAE04EC0-301F-11D3-BF4B-00C04F79EFBC}") = "SeguridadAutentificacion", "SeguridadAutentificacion\SeguridadAutentificacion.csproj", "{4C146F17-BAED-4520-9178-D79ED90DF95C}"
EndProject
Global
	GlobalSection(SolutionConfigurationPlatforms) = preSolution
		Debug|Any CPU = Debug|Any CPU
		Release|Any CPU = Release|Any CPU
	EndGlobalSection
	GlobalSection(ProjectConfigurationPlatforms) = postSolution
		{4C146F17-BAED-4520-9178-D79ED90DF95C}.Debug|Any CPU.ActiveCfg = Debug|Any CPU
		{4C146F17-BAED-4520-9178-D79ED90DF95C}.Debug|Any CPU.Build.0 = Debug|Any CPU
		{4C146F17-BAED-4520-9178-D79ED90DF95C}.Release|Any CPU.ActiveCfg = Release|Any CPU
		{4C146F17-BAED-4520-9178-D79ED90DF95C}.Release|Any CPU.Build.0 = Release|Any CPU
	EndGlobalSection
	GlobalSection(SolutionProperties) = preSolution
		HideSolutionNode = FALSE
	EndGlobalSection
	GlobalSection(ExtensibilityGlobals) = postSolution
		SolutionGuid = {64BC87E2-8ECB-4761-AFE3-19CAD12D3995}
	EndGlobalSection
EndGlobal
